
Microsoft Visual Studio Solution File, Format Version 12.00
# Visual Studio 15
VisualStudioVersion = 15.0.28010.2016
MinimumVisualStudioVersion = 10.0.40219.1
Project("{2150E333-8FDC-42A3-9474-1A3956D46DE8}") = "Core", "Core", "{567709F3-63E3-45D3-AEDF-298461ABBE45}"
EndProject
Project("{2150E333-8FDC-42A3-9474-1A3956D46DE8}") = "Solution Items", "Solution Items", "{528E4F31-C003-4C43-9324-3B307A58F9FE}"
	ProjectSection(SolutionItems) = preProject
		BackLog.txt = BackLog.txt
	EndProjectSection
EndProject
Project("{9A19103F-16F7-4668-BE54-9A1E7A4F7556}") = "Axis.Sigma", "Axis.Sigma\Axis.Sigma.csproj", "{0BF30E49-9868-4120-9060-525FE248E3F1}"
EndProject
Project("{2150E333-8FDC-42A3-9474-1A3956D46DE8}") = "Tests", "Tests", "{EC18A19C-7114-4E7A-B6AA-7E8BECD6EA37}"
EndProject
Project("{9A19103F-16F7-4668-BE54-9A1E7A4F7556}") = "Axis.Sigma.Tests", "Axis.Sigma.Tests\Axis.Sigma.Tests.csproj", "{C834C291-5A90-4770-8E93-33D2FB44753F}"
EndProject
Global
	GlobalSection(SolutionConfigurationPlatforms) = preSolution
		Debug|Any CPU = Debug|Any CPU
		Release|Any CPU = Release|Any CPU
	EndGlobalSection
	GlobalSection(ProjectConfigurationPlatforms) = postSolution
		{0BF30E49-9868-4120-9060-525FE248E3F1}.Debug|Any CPU.ActiveCfg = Debug|Any CPU
		{0BF30E49-9868-4120-9060-525FE248E3F1}.Debug|Any CPU.Build.0 = Debug|Any CPU
		{0BF30E49-9868-4120-9060-525FE248E3F1}.Release|Any CPU.ActiveCfg = Release|Any CPU
		{0BF30E49-9868-4120-9060-525FE248E3F1}.Release|Any CPU.Build.0 = Release|Any CPU
		{C834C291-5A90-4770-8E93-33D2FB44753F}.Debug|Any CPU.ActiveCfg = Debug|Any CPU
		{C834C291-5A90-4770-8E93-33D2FB44753F}.Debug|Any CPU.Build.0 = Debug|Any CPU
		{C834C291-5A90-4770-8E93-33D2FB44753F}.Release|Any CPU.ActiveCfg = Release|Any CPU
		{C834C291-5A90-4770-8E93-33D2FB44753F}.Release|Any CPU.Build.0 = Release|Any CPU
	EndGlobalSection
	GlobalSection(SolutionProperties) = preSolution
		HideSolutionNode = FALSE
	EndGlobalSection
	GlobalSection(NestedProjects) = preSolution
		{0BF30E49-9868-4120-9060-525FE248E3F1} = {567709F3-63E3-45D3-AEDF-298461ABBE45}
		{C834C291-5A90-4770-8E93-33D2FB44753F} = {EC18A19C-7114-4E7A-B6AA-7E8BECD6EA37}
	EndGlobalSection
	GlobalSection(ExtensibilityGlobals) = postSolution
		SolutionGuid = {7BF91EF9-C6F7-49B9-874D-03A0A913C311}
	EndGlobalSection
EndGlobal
